# THIS IS AN AUTOGENERATED FILE. DO NOT EDIT THIS FILE DIRECTLY.
# yarn lockfile v1


"@openzeppelin/contracts-upgradeable@4.8.0":
  version "4.8.0"
  resolved "https://registry.yarnpkg.com/@openzeppelin/contracts-upgradeable/-/contracts-upgradeable-4.8.0.tgz#26688982f46969018e3ed3199e72a07c8d114275"
  integrity sha512-5GeFgqMiDlqGT8EdORadp1ntGF0qzWZLmEY7Wbp/yVhN7/B3NNzCxujuI77ktlyG81N3CUZP8cZe3ZAQ/cW10w==

"@openzeppelin/contracts@4.8.0":
  version "4.8.0"
  resolved "https://registry.yarnpkg.com/@openzeppelin/contracts/-/contracts-4.8.0.tgz#6854c37df205dd2c056bdfa1b853f5d732109109"
  integrity sha512-AGuwhRRL+NaKx73WKRNzeCxOCOCxpaqF+kp8TJ89QzAipSwZy/NoflkWaL9bywXFRhIzXt8j38sfF7KBKCPWLw==

"ds-test@https://github.com/dapphub/ds-test#cd98eff28324bfac652e63a239a60632a761790b":
  version "1.0.0"
  resolved "https://github.com/dapphub/ds-test#cd98eff28324bfac652e63a239a60632a761790b"

"forge-std@https://github.com/foundry-rs/forge-std#cd7d533f9a0ee0ec02ad81e0a8f262bc4203c653":
  version "1.1.1"
  resolved "https://github.com/foundry-rs/forge-std#cd7d533f9a0ee0ec02ad81e0a8f262bc4203c653"
